
Microsoft Visual Studio Solution File, Format Version 11.00
# Visual Studio 2010
Project("{FAE04EC0-301F-11D3-BF4B-00C04F79EFBC}") = "Scripts", "Scripts.csproj", "{4F431287-077B-4341-8CD6-FF82213966C2}"
EndProject
Project("{FAE04EC0-301F-11D3-BF4B-00C04F79EFBC}") = "Server", "..\Server\Server.csproj", "{121049D3-D86A-4CA6-B717-20E98B9A341E}"
EndProject
Global
	GlobalSection(SolutionConfigurationPlatforms) = preSolution
		Debug|x86 = Debug|x86
		Release|x86 = Release|x86
	EndGlobalSection
	GlobalSection(ProjectConfigurationPlatforms) = postSolution
		{4F431287-077B-4341-8CD6-FF82213966C2}.Debug|x86.ActiveCfg = Debug|x86
		{4F431287-077B-4341-8CD6-FF82213966C2}.Debug|x86.Build.0 = Debug|x86
		{4F431287-077B-4341-8CD6-FF82213966C2}.Release|x86.ActiveCfg = Release|x86
		{4F431287-077B-4341-8CD6-FF82213966C2}.Release|x86.Build.0 = Release|x86
		{121049D3-D86A-4CA6-B717-20E98B9A341E}.Debug|x86.ActiveCfg = Debug|x86
		{121049D3-D86A-4CA6-B717-20E98B9A341E}.Debug|x86.Build.0 = Debug|x86
		{121049D3-D86A-4CA6-B717-20E98B9A341E}.Release|x86.ActiveCfg = Release|x86
		{121049D3-D86A-4CA6-B717-20E98B9A341E}.Release|x86.Build.0 = Release|x86
	EndGlobalSection
	GlobalSection(SolutionProperties) = preSolution
		HideSolutionNode = FALSE
	EndGlobalSection
EndGlobal
